
Microsoft Visual Studio Solution File, Format Version 12.00
# Visual Studio Version 17
VisualStudioVersion = 17.4.33122.133
MinimumVisualStudioVersion = 10.0.40219.1
Project("{FAE04EC0-301F-11D3-BF4B-00C04F79EFBC}") = "visorDeImagenes", "visorDeImagenes\visorDeImagenes.csproj", "{670A39A3-A8B1-41F9-AC56-B361FBEB7533}"
EndProject
Global
	GlobalSection(SolutionConfigurationPlatforms) = preSolution
		Debug|Any CPU = Debug|Any CPU
		Release|Any CPU = Release|Any CPU
	EndGlobalSection
	GlobalSection(ProjectConfigurationPlatforms) = postSolution
		{670A39A3-A8B1-41F9-AC56-B361FBEB7533}.Debug|Any CPU.ActiveCfg = Debug|Any CPU
		{670A39A3-A8B1-41F9-AC56-B361FBEB7533}.Debug|Any CPU.Build.0 = Debug|Any CPU
		{670A39A3-A8B1-41F9-AC56-B361FBEB7533}.Release|Any CPU.ActiveCfg = Release|Any CPU
		{670A39A3-A8B1-41F9-AC56-B361FBEB7533}.Release|Any CPU.Build.0 = Release|Any CPU
	EndGlobalSection
	GlobalSection(SolutionProperties) = preSolution
		HideSolutionNode = FALSE
	EndGlobalSection
	GlobalSection(ExtensibilityGlobals) = postSolution
		SolutionGuid = {FE97A872-A2FB-41B0-B39D-E57A8808004B}
	EndGlobalSection
EndGlobal
